<?xml version="1.0" encoding="UTF-8"?>
<CodeBlocks_project_file>
	<FileVersion major="1" minor="6"/>
	<Project>
		<Option title="TAJIVEdecomp"/>
		<Option makefile_is_custom="1"/>
		<Option compiler="gcc"/>
		<Option virtualFolders="CMake Files\;"/>
		<Build>
			<Target title="all">
				<Option working_dir="/home/virginie/Desktop/VITALE/Tesi/Codice/TAJIVEc++"/>
				<Option type="4"/>
				<MakeCommands>
					<Build command="/usr/bin/make -f &quot;/home/virginie/Desktop/VITALE/Tesi/Codice/TAJIVEc++/Makefile&quot;  VERBOSE=1 all"/>
					<CompileFile command="/usr/bin/make -f &quot;/home/virginie/Desktop/VITALE/Tesi/Codice/TAJIVEc++/Makefile&quot;  VERBOSE=1 &quot;$file&quot;"/>
					<Clean command="/usr/bin/make -f &quot;/home/virginie/Desktop/VITALE/Tesi/Codice/TAJIVEc++/Makefile&quot;  VERBOSE=1 clean"/>
					<DistClean command="/usr/bin/make -f &quot;/home/virginie/Desktop/VITALE/Tesi/Codice/TAJIVEc++/Makefile&quot;  VERBOSE=1 clean"/>
				</MakeCommands>
			</Target>
			<Target title="rebuild_cache">
				<Option working_dir="/home/virginie/Desktop/VITALE/Tesi/Codice/TAJIVEc++"/>
				<Option type="4"/>
				<MakeCommands>
					<Build command="/usr/bin/make -f &quot;/home/virginie/Desktop/VITALE/Tesi/Codice/TAJIVEc++/Makefile&quot;  VERBOSE=1 rebuild_cache"/>
					<CompileFile command="/usr/bin/make -f &quot;/home/virginie/Desktop/VITALE/Tesi/Codice/TAJIVEc++/Makefile&quot;  VERBOSE=1 &quot;$file&quot;"/>
					<Clean command="/usr/bin/make -f &quot;/home/virginie/Desktop/VITALE/Tesi/Codice/TAJIVEc++/Makefile&quot;  VERBOSE=1 clean"/>
					<DistClean command="/usr/bin/make -f &quot;/home/virginie/Desktop/VITALE/Tesi/Codice/TAJIVEc++/Makefile&quot;  VERBOSE=1 clean"/>
				</MakeCommands>
			</Target>
			<Target title="edit_cache">
				<Option working_dir="/home/virginie/Desktop/VITALE/Tesi/Codice/TAJIVEc++"/>
				<Option type="4"/>
				<MakeCommands>
					<Build command="/usr/bin/make -f &quot;/home/virginie/Desktop/VITALE/Tesi/Codice/TAJIVEc++/Makefile&quot;  VERBOSE=1 edit_cache"/>
					<CompileFile command="/usr/bin/make -f &quot;/home/virginie/Desktop/VITALE/Tesi/Codice/TAJIVEc++/Makefile&quot;  VERBOSE=1 &quot;$file&quot;"/>
					<Clean command="/usr/bin/make -f &quot;/home/virginie/Desktop/VITALE/Tesi/Codice/TAJIVEc++/Makefile&quot;  VERBOSE=1 clean"/>
					<DistClean command="/usr/bin/make -f &quot;/home/virginie/Desktop/VITALE/Tesi/Codice/TAJIVEc++/Makefile&quot;  VERBOSE=1 clean"/>
				</MakeCommands>
			</Target>
			<Target title="TAJIVEdecomp">
				<Option output="/home/virginie/Desktop/VITALE/Tesi/Codice/TAJIVEc++/TAJIVEdecomp" prefix_auto="0" extension_auto="0"/>
				<Option working_dir="/home/virginie/Desktop/VITALE/Tesi/Codice/TAJIVEc++"/>
				<Option object_output="./"/>
				<Option type="1"/>
				<Option compiler="gcc"/>
				<Compiler>
					<Add directory="/home/virginie/Desktop/VITALE/Tesi/Codice/TAJIVEc++/dependecies/unsupported"/>
				</Compiler>
				<MakeCommands>
					<Build command="/usr/bin/make -f &quot;/home/virginie/Desktop/VITALE/Tesi/Codice/TAJIVEc++/Makefile&quot;  VERBOSE=1 TAJIVEdecomp"/>
					<CompileFile command="/usr/bin/make -f &quot;/home/virginie/Desktop/VITALE/Tesi/Codice/TAJIVEc++/Makefile&quot;  VERBOSE=1 &quot;$file&quot;"/>
					<Clean command="/usr/bin/make -f &quot;/home/virginie/Desktop/VITALE/Tesi/Codice/TAJIVEc++/Makefile&quot;  VERBOSE=1 clean"/>
					<DistClean command="/usr/bin/make -f &quot;/home/virginie/Desktop/VITALE/Tesi/Codice/TAJIVEc++/Makefile&quot;  VERBOSE=1 clean"/>
				</MakeCommands>
			</Target>
			<Target title="TAJIVEdecomp/fast">
				<Option output="/home/virginie/Desktop/VITALE/Tesi/Codice/TAJIVEc++/TAJIVEdecomp" prefix_auto="0" extension_auto="0"/>
				<Option working_dir="/home/virginie/Desktop/VITALE/Tesi/Codice/TAJIVEc++"/>
				<Option object_output="./"/>
				<Option type="1"/>
				<Option compiler="gcc"/>
				<Compiler>
					<Add directory="/home/virginie/Desktop/VITALE/Tesi/Codice/TAJIVEc++/dependecies/unsupported"/>
				</Compiler>
				<MakeCommands>
					<Build command="/usr/bin/make -f &quot;/home/virginie/Desktop/VITALE/Tesi/Codice/TAJIVEc++/Makefile&quot;  VERBOSE=1 TAJIVEdecomp/fast"/>
					<CompileFile command="/usr/bin/make -f &quot;/home/virginie/Desktop/VITALE/Tesi/Codice/TAJIVEc++/Makefile&quot;  VERBOSE=1 &quot;$file&quot;"/>
					<Clean command="/usr/bin/make -f &quot;/home/virginie/Desktop/VITALE/Tesi/Codice/TAJIVEc++/Makefile&quot;  VERBOSE=1 clean"/>
					<DistClean command="/usr/bin/make -f &quot;/home/virginie/Desktop/VITALE/Tesi/Codice/TAJIVEc++/Makefile&quot;  VERBOSE=1 clean"/>
				</MakeCommands>
			</Target>
		</Build>
		<Unit filename="/home/virginie/Desktop/VITALE/Tesi/Codice/TAJIVEc++/TAJIVEmain.cpp">
			<Option target="TAJIVEdecomp"/>
		</Unit>
		<Unit filename="/home/virginie/Desktop/VITALE/Tesi/Codice/TAJIVEc++/include/TAJIVE.h">
			<Option target="TAJIVEdecomp"/>
		</Unit>
		<Unit filename="/home/virginie/Desktop/VITALE/Tesi/Codice/TAJIVEc++/include/TensorDyn.h">
			<Option target="TAJIVEdecomp"/>
		</Unit>
		<Unit filename="/home/virginie/Desktop/VITALE/Tesi/Codice/TAJIVEc++/src/TAJIVE.cpp">
			<Option target="TAJIVEdecomp"/>
		</Unit>
		<Unit filename="/home/virginie/Desktop/VITALE/Tesi/Codice/TAJIVEc++/src/TensorDyn.cpp">
			<Option target="TAJIVEdecomp"/>
		</Unit>
		<Unit filename="/home/virginie/Desktop/VITALE/Tesi/Codice/TAJIVEc++/CMakeLists.txt">
			<Option virtualFolder="CMake Files\"/>
		</Unit>
	</Project>
</CodeBlocks_project_file>
